
Microsoft Visual Studio Solution File, Format Version 12.00
# Visual Studio 2012
Project("{FAE04EC0-301F-11D3-BF4B-00C04F79EFBC}") = "LABS_Complete", "LABS_Complete.csproj", "{FE9C944D-89F4-4F70-8C3C-AA03908A9AE2}"
EndProject
Global
	GlobalSection(SolutionConfigurationPlatforms) = preSolution
		Debug|Any CPU = Debug|Any CPU
		Release|Any CPU = Release|Any CPU
	EndGlobalSection
	GlobalSection(ProjectConfigurationPlatforms) = postSolution
		{FE9C944D-89F4-4F70-8C3C-AA03908A9AE2}.Debug|Any CPU.ActiveCfg = Debug|Any CPU
		{FE9C944D-89F4-4F70-8C3C-AA03908A9AE2}.Debug|Any CPU.Build.0 = Debug|Any CPU
		{FE9C944D-89F4-4F70-8C3C-AA03908A9AE2}.Release|Any CPU.ActiveCfg = Release|Any CPU
		{FE9C944D-89F4-4F70-8C3C-AA03908A9AE2}.Release|Any CPU.Build.0 = Release|Any CPU
	EndGlobalSection
	GlobalSection(SolutionProperties) = preSolution
		HideSolutionNode = FALSE
	EndGlobalSection
EndGlobal
